// !$*UTF8*$!
{
	archiveVersion = 1;
	classes = {
	};
	objectVersion = 55;
	objects = {

/* Begin PBXBuildFile section */
		1137F534292F3F9E00E3D331 /* HttpManager.swift in Sources */ = {isa = PBXBuildFile; fileRef = 1137F533292F3F9E00E3D331 /* HttpManager.swift */; };
		113C8B5C27BCC92B00E94CD1 /* AppDelegate.swift in Sources */ = {isa = PBXBuildFile; fileRef = 113C8B5B27BCC92B00E94CD1 /* AppDelegate.swift */; };
		113C8B5E27BCC92B00E94CD1 /* SceneDelegate.swift in Sources */ = {isa = PBXBuildFile; fileRef = 113C8B5D27BCC92B00E94CD1 /* SceneDelegate.swift */; };
		113C8B6327BCC92B00E94CD1 /* Main.storyboard in Resources */ = {isa = PBXBuildFile; fileRef = 113C8B6127BCC92B00E94CD1 /* Main.storyboard */; };
		113C8B6527BCC92C00E94CD1 /* Assets.xcassets in Resources */ = {isa = PBXBuildFile; fileRef = 113C8B6427BCC92C00E94CD1 /* Assets.xcassets */; };
		113C8B6827BCC92C00E94CD1 /* LaunchScreen.storyboard in Resources */ = {isa = PBXBuildFile; fileRef = 113C8B6627BCC92C00E94CD1 /* LaunchScreen.storyboard */; };
		113C8B7327BCC92C00E94CD1 /* StoryboardContactsTests.swift in Sources */ = {isa = PBXBuildFile; fileRef = 113C8B7227BCC92C00E94CD1 /* StoryboardContactsTests.swift */; };
		113C8B7D27BCC92C00E94CD1 /* StoryboardContactsUITests.swift in Sources */ = {isa = PBXBuildFile; fileRef = 113C8B7C27BCC92C00E94CD1 /* StoryboardContactsUITests.swift */; };
		113C8B7F27BCC92C00E94CD1 /* StoryboardContactsUITestsLaunchTests.swift in Sources */ = {isa = PBXBuildFile; fileRef = 113C8B7E27BCC92C00E94CD1 /* StoryboardContactsUITestsLaunchTests.swift */; };
		113C8B9127BCC9E200E94CD1 /* HomeViewController.swift in Sources */ = {isa = PBXBuildFile; fileRef = 113C8B8F27BCC9E200E94CD1 /* HomeViewController.swift */; };
		113C8B9227BCC9E200E94CD1 /* HomeViewController.xib in Resources */ = {isa = PBXBuildFile; fileRef = 113C8B9027BCC9E200E94CD1 /* HomeViewController.xib */; };
		113C8B9527BCC9FB00E94CD1 /* CreateViewController.swift in Sources */ = {isa = PBXBuildFile; fileRef = 113C8B9327BCC9FB00E94CD1 /* CreateViewController.swift */; };
		113C8B9627BCC9FB00E94CD1 /* CreateViewController.xib in Resources */ = {isa = PBXBuildFile; fileRef = 113C8B9427BCC9FB00E94CD1 /* CreateViewController.xib */; };
		113C8B9927BCCA0E00E94CD1 /* EditViewController.swift in Sources */ = {isa = PBXBuildFile; fileRef = 113C8B9727BCCA0E00E94CD1 /* EditViewController.swift */; };
		113C8B9A27BCCA0E00E94CD1 /* EditViewController.xib in Resources */ = {isa = PBXBuildFile; fileRef = 113C8B9827BCCA0E00E94CD1 /* EditViewController.xib */; };
		113C8BA027BCCB2D00E94CD1 /* Contacts.swift in Sources */ = {isa = PBXBuildFile; fileRef = 113C8B9F27BCCB2D00E94CD1 /* Contacts.swift */; };
		113C8BA227BCCB4D00E94CD1 /* BaseViewController.swift in Sources */ = {isa = PBXBuildFile; fileRef = 113C8BA127BCCB4D00E94CD1 /* BaseViewController.swift */; };
		113C8BA727BCD40600E94CD1 /* ContactsTableViewCell.swift in Sources */ = {isa = PBXBuildFile; fileRef = 113C8BA527BCD40600E94CD1 /* ContactsTableViewCell.swift */; };
		113C8BA827BCD40600E94CD1 /* ContactsTableViewCell.xib in Resources */ = {isa = PBXBuildFile; fileRef = 113C8BA627BCD40600E94CD1 /* ContactsTableViewCell.xib */; };
		11AFCA3A292C95A100EF2B04 /* HomeRouting.swift in Sources */ = {isa = PBXBuildFile; fileRef = 11AFCA39292C95A100EF2B04 /* HomeRouting.swift */; };
		11AFCA3C292C98CF00EF2B04 /* HomePresenter.swift in Sources */ = {isa = PBXBuildFile; fileRef = 11AFCA3B292C98CF00EF2B04 /* HomePresenter.swift */; };
		11AFCA3E292C98F200EF2B04 /* HomeInteractor.swift in Sources */ = {isa = PBXBuildFile; fileRef = 11AFCA3D292C98F200EF2B04 /* HomeInteractor.swift */; };
		11AFCA40292C990900EF2B04 /* CreateRouting.swift in Sources */ = {isa = PBXBuildFile; fileRef = 11AFCA3F292C990900EF2B04 /* CreateRouting.swift */; };
		11AFCA42292C991800EF2B04 /* CreatePresenter.swift in Sources */ = {isa = PBXBuildFile; fileRef = 11AFCA41292C991800EF2B04 /* CreatePresenter.swift */; };
		11AFCA44292C992600EF2B04 /* CreateInteractor.swift in Sources */ = {isa = PBXBuildFile; fileRef = 11AFCA43292C992600EF2B04 /* CreateInteractor.swift */; };
		11AFCA46292C994200EF2B04 /* EditRouting.swift in Sources */ = {isa = PBXBuildFile; fileRef = 11AFCA45292C994200EF2B04 /* EditRouting.swift */; };
		11AFCA48292C995000EF2B04 /* EditPresenter.swift in Sources */ = {isa = PBXBuildFile; fileRef = 11AFCA47292C995000EF2B04 /* EditPresenter.swift */; };
		11AFCA4A292C995D00EF2B04 /* EditIntractor.swift in Sources */ = {isa = PBXBuildFile; fileRef = 11AFCA49292C995D00EF2B04 /* EditIntractor.swift */; };
		11E73BE42922135B0019C530 /* Network.swift in Sources */ = {isa = PBXBuildFile; fileRef = 11E73BE32922135B0019C530 /* Network.swift */; };
		645749ED88A3C23A3E3034F3 /* Pods_StoryboardContacts_StoryboardContactsUITests.framework in Frameworks */ = {isa = PBXBuildFile; fileRef = E28308CBCB1EF97A4A978993 /* Pods_StoryboardContacts_StoryboardContactsUITests.framework */; };
		B8C1D4F57FA09FEF36CB96EB /* Pods_StoryboardContacts.framework in Frameworks */ = {isa = PBXBuildFile; fileRef = C9BCF052960331CBF0CCFD30 /* Pods_StoryboardContacts.framework */; };
		FE9935E9421853D41AF78717 /* Pods_StoryboardContactsTests.framework in Frameworks */ = {isa = PBXBuildFile; fileRef = 81F3132E2B3614C98594A07C /* Pods_StoryboardContactsTests.framework */; };
/* End PBXBuildFile section */

/* Begin PBXContainerItemProxy section */
		113C8B6F27BCC92C00E94CD1 /* PBXContainerItemProxy */ = {
			isa = PBXContainerItemProxy;
			containerPortal = 113C8B5027BCC92B00E94CD1 /* Project object */;
			proxyType = 1;
			remoteGlobalIDString = 113C8B5727BCC92B00E94CD1;
			remoteInfo = StoryboardContacts;
		};
		113C8B7927BCC92C00E94CD1 /* PBXContainerItemProxy */ = {
			isa = PBXContainerItemProxy;
			containerPortal = 113C8B5027BCC92B00E94CD1 /* Project object */;
			proxyType = 1;
			remoteGlobalIDString = 113C8B5727BCC92B00E94CD1;
			remoteInfo = StoryboardContacts;
		};
/* End PBXContainerItemProxy section */

/* Begin PBXFileReference section */
		03A858CC9BF83BC986D268DA /* Pods-StoryboardContacts-StoryboardContactsUITests.release.xcconfig */ = {isa = PBXFileReference; includeInIndex = 1; lastKnownFileType = text.xcconfig; name = "Pods-StoryboardContacts-StoryboardContactsUITests.release.xcconfig"; path = "Target Support Files/Pods-StoryboardContacts-StoryboardContactsUITests/Pods-StoryboardContacts-StoryboardContactsUITests.release.xcconfig"; sourceTree = "<group>"; };
		1137F533292F3F9E00E3D331 /* HttpManager.swift */ = {isa = PBXFileReference; lastKnownFileType = sourcecode.swift; path = HttpManager.swift; sourceTree = "<group>"; };
		113C8B5827BCC92B00E94CD1 /* StoryboardContacts.app */ = {isa = PBXFileReference; explicitFileType = wrapper.application; includeInIndex = 0; path = StoryboardContacts.app; sourceTree = BUILT_PRODUCTS_DIR; };
		113C8B5B27BCC92B00E94CD1 /* AppDelegate.swift */ = {isa = PBXFileReference; lastKnownFileType = sourcecode.swift; path = AppDelegate.swift; sourceTree = "<group>"; };
		113C8B5D27BCC92B00E94CD1 /* SceneDelegate.swift */ = {isa = PBXFileReference; lastKnownFileType = sourcecode.swift; path = SceneDelegate.swift; sourceTree = "<group>"; };
		113C8B6227BCC92B00E94CD1 /* Base */ = {isa = PBXFileReference; lastKnownFileType = file.storyboard; name = Base; path = Base.lproj/Main.storyboard; sourceTree = "<group>"; };
		113C8B6427BCC92C00E94CD1 /* Assets.xcassets */ = {isa = PBXFileReference; lastKnownFileType = folder.assetcatalog; path = Assets.xcassets; sourceTree = "<group>"; };
		113C8B6727BCC92C00E94CD1 /* Base */ = {isa = PBXFileReference; lastKnownFileType = file.storyboard; name = Base; path = Base.lproj/LaunchScreen.storyboard; sourceTree = "<group>"; };
		113C8B6927BCC92C00E94CD1 /* Info.plist */ = {isa = PBXFileReference; lastKnownFileType = text.plist.xml; path = Info.plist; sourceTree = "<group>"; };
		113C8B6E27BCC92C00E94CD1 /* StoryboardContactsTests.xctest */ = {isa = PBXFileReference; explicitFileType = wrapper.cfbundle; includeInIndex = 0; path = StoryboardContactsTests.xctest; sourceTree = BUILT_PRODUCTS_DIR; };
		113C8B7227BCC92C00E94CD1 /* StoryboardContactsTests.swift */ = {isa = PBXFileReference; lastKnownFileType = sourcecode.swift; path = StoryboardContactsTests.swift; sourceTree = "<group>"; };
		113C8B7827BCC92C00E94CD1 /* StoryboardContactsUITests.xctest */ = {isa = PBXFileReference; explicitFileType = wrapper.cfbundle; includeInIndex = 0; path = StoryboardContactsUITests.xctest; sourceTree = BUILT_PRODUCTS_DIR; };
		113C8B7C27BCC92C00E94CD1 /* StoryboardContactsUITests.swift */ = {isa = PBXFileReference; lastKnownFileType = sourcecode.swift; path = StoryboardContactsUITests.swift; sourceTree = "<group>"; };
		113C8B7E27BCC92C00E94CD1 /* StoryboardContactsUITestsLaunchTests.swift */ = {isa = PBXFileReference; lastKnownFileType = sourcecode.swift; path = StoryboardContactsUITestsLaunchTests.swift; sourceTree = "<group>"; };
		113C8B8F27BCC9E200E94CD1 /* HomeViewController.swift */ = {isa = PBXFileReference; lastKnownFileType = sourcecode.swift; path = HomeViewController.swift; sourceTree = "<group>"; };
		113C8B9027BCC9E200E94CD1 /* HomeViewController.xib */ = {isa = PBXFileReference; lastKnownFileType = file.xib; path = HomeViewController.xib; sourceTree = "<group>"; };
		113C8B9327BCC9FB00E94CD1 /* CreateViewController.swift */ = {isa = PBXFileReference; lastKnownFileType = sourcecode.swift; path = CreateViewController.swift; sourceTree = "<group>"; };
		113C8B9427BCC9FB00E94CD1 /* CreateViewController.xib */ = {isa = PBXFileReference; lastKnownFileType = file.xib; path = CreateViewController.xib; sourceTree = "<group>"; };
		113C8B9727BCCA0E00E94CD1 /* EditViewController.swift */ = {isa = PBXFileReference; lastKnownFileType = sourcecode.swift; path = EditViewController.swift; sourceTree = "<group>"; };
		113C8B9827BCCA0E00E94CD1 /* EditViewController.xib */ = {isa = PBXFileReference; lastKnownFileType = file.xib; path = EditViewController.xib; sourceTree = "<group>"; };
		113C8B9F27BCCB2D00E94CD1 /* Contacts.swift */ = {isa = PBXFileReference; lastKnownFileType = sourcecode.swift; path = Contacts.swift; sourceTree = "<group>"; };
		113C8BA127BCCB4D00E94CD1 /* BaseViewController.swift */ = {isa = PBXFileReference; lastKnownFileType = sourcecode.swift; path = BaseViewController.swift; sourceTree = "<group>"; };
		113C8BA527BCD40600E94CD1 /* ContactsTableViewCell.swift */ = {isa = PBXFileReference; lastKnownFileType = sourcecode.swift; path = ContactsTableViewCell.swift; sourceTree = "<group>"; };
		113C8BA627BCD40600E94CD1 /* ContactsTableViewCell.xib */ = {isa = PBXFileReference; lastKnownFileType = file.xib; path = ContactsTableViewCell.xib; sourceTree = "<group>"; };
		11AFCA39292C95A100EF2B04 /* HomeRouting.swift */ = {isa = PBXFileReference; lastKnownFileType = sourcecode.swift; path = HomeRouting.swift; sourceTree = "<group>"; };
		11AFCA3B292C98CF00EF2B04 /* HomePresenter.swift */ = {isa = PBXFileReference; lastKnownFileType = sourcecode.swift; path = HomePresenter.swift; sourceTree = "<group>"; };
		11AFCA3D292C98F200EF2B04 /* HomeInteractor.swift */ = {isa = PBXFileReference; lastKnownFileType = sourcecode.swift; path = HomeInteractor.swift; sourceTree = "<group>"; };
		11AFCA3F292C990900EF2B04 /* CreateRouting.swift */ = {isa = PBXFileReference; lastKnownFileType = sourcecode.swift; path = CreateRouting.swift; sourceTree = "<group>"; };
		11AFCA41292C991800EF2B04 /* CreatePresenter.swift */ = {isa = PBXFileReference; lastKnownFileType = sourcecode.swift; path = CreatePresenter.swift; sourceTree = "<group>"; };
		11AFCA43292C992600EF2B04 /* CreateInteractor.swift */ = {isa = PBXFileReference; lastKnownFileType = sourcecode.swift; path = CreateInteractor.swift; sourceTree = "<group>"; };
		11AFCA45292C994200EF2B04 /* EditRouting.swift */ = {isa = PBXFileReference; lastKnownFileType = sourcecode.swift; path = EditRouting.swift; sourceTree = "<group>"; };
		11AFCA47292C995000EF2B04 /* EditPresenter.swift */ = {isa = PBXFileReference; lastKnownFileType = sourcecode.swift; path = EditPresenter.swift; sourceTree = "<group>"; };
		11AFCA49292C995D00EF2B04 /* EditIntractor.swift */ = {isa = PBXFileReference; lastKnownFileType = sourcecode.swift; path = EditIntractor.swift; sourceTree = "<group>"; };
		11E73BE32922135B0019C530 /* Network.swift */ = {isa = PBXFileReference; lastKnownFileType = sourcecode.swift; path = Network.swift; sourceTree = "<group>"; };
		12028E1228FD2CACCE396DE2 /* Pods-StoryboardContacts.release.xcconfig */ = {isa = PBXFileReference; includeInIndex = 1; lastKnownFileType = text.xcconfig; name = "Pods-StoryboardContacts.release.xcconfig"; path = "Target Support Files/Pods-StoryboardContacts/Pods-StoryboardContacts.release.xcconfig"; sourceTree = "<group>"; };
		2DD23AD6B0C2174B1BEA3C0A /* Pods-StoryboardContactsTests.debug.xcconfig */ = {isa = PBXFileReference; includeInIndex = 1; lastKnownFileType = text.xcconfig; name = "Pods-StoryboardContactsTests.debug.xcconfig"; path = "Target Support Files/Pods-StoryboardContactsTests/Pods-StoryboardContactsTests.debug.xcconfig"; sourceTree = "<group>"; };
		31F6691DD56F622373F798FA /* Pods-StoryboardContactsTests.release.xcconfig */ = {isa = PBXFileReference; includeInIndex = 1; lastKnownFileType = text.xcconfig; name = "Pods-StoryboardContactsTests.release.xcconfig"; path = "Target Support Files/Pods-StoryboardContactsTests/Pods-StoryboardContactsTests.release.xcconfig"; sourceTree = "<group>"; };
		81F3132E2B3614C98594A07C /* Pods_StoryboardContactsTests.framework */ = {isa = PBXFileReference; explicitFileType = wrapper.framework; includeInIndex = 0; path = Pods_StoryboardContactsTests.framework; sourceTree = BUILT_PRODUCTS_DIR; };
		88B3FE2E110B6E73AFB711C1 /* Pods-StoryboardContacts.debug.xcconfig */ = {isa = PBXFileReference; includeInIndex = 1; lastKnownFileType = text.xcconfig; name = "Pods-StoryboardContacts.debug.xcconfig"; path = "Target Support Files/Pods-StoryboardContacts/Pods-StoryboardContacts.debug.xcconfig"; sourceTree = "<group>"; };
		C9BCF052960331CBF0CCFD30 /* Pods_StoryboardContacts.framework */ = {isa = PBXFileReference; explicitFileType = wrapper.framework; includeInIndex = 0; path = Pods_StoryboardContacts.framework; sourceTree = BUILT_PRODUCTS_DIR; };
		E28308CBCB1EF97A4A978993 /* Pods_StoryboardContacts_StoryboardContactsUITests.framework */ = {isa = PBXFileReference; explicitFileType = wrapper.framework; includeInIndex = 0; path = Pods_StoryboardContacts_StoryboardContactsUITests.framework; sourceTree = BUILT_PRODUCTS_DIR; };
		EB6DB9E7E18B81743AD69943 /* Pods-StoryboardContacts-StoryboardContactsUITests.debug.xcconfig */ = {isa = PBXFileReference; includeInIndex = 1; lastKnownFileType = text.xcconfig; name = "Pods-StoryboardContacts-StoryboardContactsUITests.debug.xcconfig"; path = "Target Support Files/Pods-StoryboardContacts-StoryboardContactsUITests/Pods-StoryboardContacts-StoryboardContactsUITests.debug.xcconfig"; sourceTree = "<group>"; };
/* End PBXFileReference section */

/* Begin PBXFrameworksBuildPhase section */
		113C8B5527BCC92B00E94CD1 /* Frameworks */ = {
			isa = PBXFrameworksBuildPhase;
			buildActionMask = 2147483647;
			files = (
				B8C1D4F57FA09FEF36CB96EB /* Pods_StoryboardContacts.framework in Frameworks */,
			);
			runOnlyForDeploymentPostprocessing = 0;
		};
		113C8B6B27BCC92C00E94CD1 /* Frameworks */ = {
			isa = PBXFrameworksBuildPhase;
			buildActionMask = 2147483647;
			files = (
				FE9935E9421853D41AF78717 /* Pods_StoryboardContactsTests.framework in Frameworks */,
			);
			runOnlyForDeploymentPostprocessing = 0;
		};
		113C8B7527BCC92C00E94CD1 /* Frameworks */ = {
			isa = PBXFrameworksBuildPhase;
			buildActionMask = 2147483647;
			files = (
				645749ED88A3C23A3E3034F3 /* Pods_StoryboardContacts_StoryboardContactsUITests.framework in Frameworks */,
			);
			runOnlyForDeploymentPostprocessing = 0;
		};
/* End PBXFrameworksBuildPhase section */

/* Begin PBXGroup section */
		113C8B4F27BCC92B00E94CD1 = {
			isa = PBXGroup;
			children = (
				113C8B5A27BCC92B00E94CD1 /* StoryboardContacts */,
				113C8B7127BCC92C00E94CD1 /* StoryboardContactsTests */,
				113C8B7B27BCC92C00E94CD1 /* StoryboardContactsUITests */,
				113C8B5927BCC92B00E94CD1 /* Products */,
				25761F87DB336AF0376477E0 /* Pods */,
				3A9F64226DEA5A4CD8AFA596 /* Frameworks */,
			);
			sourceTree = "<group>";
		};
		113C8B5927BCC92B00E94CD1 /* Products */ = {
			isa = PBXGroup;
			children = (
				113C8B5827BCC92B00E94CD1 /* StoryboardContacts.app */,
				113C8B6E27BCC92C00E94CD1 /* StoryboardContactsTests.xctest */,
				113C8B7827BCC92C00E94CD1 /* StoryboardContactsUITests.xctest */,
			);
			name = Products;
			sourceTree = "<group>";
		};
		113C8B5A27BCC92B00E94CD1 /* StoryboardContacts */ = {
			isa = PBXGroup;
			children = (
				113C8B8B27BCC94C00E94CD1 /* controllers */,
				113C8B8C27BCC95F00E94CD1 /* cells */,
				113C8B8D27BCC96700E94CD1 /* model */,
				113C8B8E27BCC97000E94CD1 /* appUtils */,
				11E73BE22922133B0019C530 /* network */,
				113C8B5B27BCC92B00E94CD1 /* AppDelegate.swift */,
				113C8B5D27BCC92B00E94CD1 /* SceneDelegate.swift */,
				113C8B6927BCC92C00E94CD1 /* Info.plist */,
			);
			path = StoryboardContacts;
			sourceTree = "<group>";
		};
		113C8B7127BCC92C00E94CD1 /* StoryboardContactsTests */ = {
			isa = PBXGroup;
			children = (
				113C8B7227BCC92C00E94CD1 /* StoryboardContactsTests.swift */,
			);
			path = StoryboardContactsTests;
			sourceTree = "<group>";
		};
		113C8B7B27BCC92C00E94CD1 /* StoryboardContactsUITests */ = {
			isa = PBXGroup;
			children = (
				113C8B7C27BCC92C00E94CD1 /* StoryboardContactsUITests.swift */,
				113C8B7E27BCC92C00E94CD1 /* StoryboardContactsUITestsLaunchTests.swift */,
			);
			path = StoryboardContactsUITests;
			sourceTree = "<group>";
		};
		113C8B8B27BCC94C00E94CD1 /* controllers */ = {
			isa = PBXGroup;
			children = (
				113C8BA127BCCB4D00E94CD1 /* BaseViewController.swift */,
				11AFCA38292C957700EF2B04 /* home */,
				11AFCA37292C956F00EF2B04 /* create */,
				11AFCA36292C956700EF2B04 /* edit */,
			);
			path = controllers;
			sourceTree = "<group>";
		};
		113C8B8C27BCC95F00E94CD1 /* cells */ = {
			isa = PBXGroup;
			children = (
				113C8BA527BCD40600E94CD1 /* ContactsTableViewCell.swift */,
				113C8BA627BCD40600E94CD1 /* ContactsTableViewCell.xib */,
			);
			path = cells;
			sourceTree = "<group>";
		};
		113C8B8D27BCC96700E94CD1 /* model */ = {
			isa = PBXGroup;
			children = (
				113C8B9F27BCCB2D00E94CD1 /* Contacts.swift */,
			);
			path = model;
			sourceTree = "<group>";
		};
		113C8B8E27BCC97000E94CD1 /* appUtils */ = {
			isa = PBXGroup;
			children = (
				113C8B6627BCC92C00E94CD1 /* LaunchScreen.storyboard */,
				113C8B6127BCC92B00E94CD1 /* Main.storyboard */,
				113C8B6427BCC92C00E94CD1 /* Assets.xcassets */,
			);
			path = appUtils;
			sourceTree = "<group>";
		};
		11AFCA36292C956700EF2B04 /* edit */ = {
			isa = PBXGroup;
			children = (
				113C8B9727BCCA0E00E94CD1 /* EditViewController.swift */,
				113C8B9827BCCA0E00E94CD1 /* EditViewController.xib */,
				11AFCA45292C994200EF2B04 /* EditRouting.swift */,
				11AFCA47292C995000EF2B04 /* EditPresenter.swift */,
				11AFCA49292C995D00EF2B04 /* EditIntractor.swift */,
			);
			path = edit;
			sourceTree = "<group>";
		};
		11AFCA37292C956F00EF2B04 /* create */ = {
			isa = PBXGroup;
			children = (
				113C8B9327BCC9FB00E94CD1 /* CreateViewController.swift */,
				113C8B9427BCC9FB00E94CD1 /* CreateViewController.xib */,
				11AFCA3F292C990900EF2B04 /* CreateRouting.swift */,
				11AFCA41292C991800EF2B04 /* CreatePresenter.swift */,
				11AFCA43292C992600EF2B04 /* CreateInteractor.swift */,
			);
			path = create;
			sourceTree = "<group>";
		};
		11AFCA38292C957700EF2B04 /* home */ = {
			isa = PBXGroup;
			children = (
				113C8B8F27BCC9E200E94CD1 /* HomeViewController.swift */,
				113C8B9027BCC9E200E94CD1 /* HomeViewController.xib */,
				11AFCA39292C95A100EF2B04 /* HomeRouting.swift */,
				11AFCA3B292C98CF00EF2B04 /* HomePresenter.swift */,
				11AFCA3D292C98F200EF2B04 /* HomeInteractor.swift */,
			);
			path = home;
			sourceTree = "<group>";
		};
		11E73BE22922133B0019C530 /* network */ = {
			isa = PBXGroup;
			children = (
				11E73BE32922135B0019C530 /* Network.swift */,
				1137F533292F3F9E00E3D331 /* HttpManager.swift */,
			);
			path = network;
			sourceTree = "<group>";
		};
		25761F87DB336AF0376477E0 /* Pods */ = {
			isa = PBXGroup;
			children = (
				88B3FE2E110B6E73AFB711C1 /* Pods-StoryboardContacts.debug.xcconfig */,
				12028E1228FD2CACCE396DE2 /* Pods-StoryboardContacts.release.xcconfig */,
				EB6DB9E7E18B81743AD69943 /* Pods-StoryboardContacts-StoryboardContactsUITests.debug.xcconfig */,
				03A858CC9BF83BC986D268DA /* Pods-StoryboardContacts-StoryboardContactsUITests.release.xcconfig */,
				2DD23AD6B0C2174B1BEA3C0A /* Pods-StoryboardContactsTests.debug.xcconfig */,
				31F6691DD56F622373F798FA /* Pods-StoryboardContactsTests.release.xcconfig */,
			);
			path = Pods;
			sourceTree = "<group>";
		};
		3A9F64226DEA5A4CD8AFA596 /* Frameworks */ = {
			isa = PBXGroup;
			children = (
				C9BCF052960331CBF0CCFD30 /* Pods_StoryboardContacts.framework */,
				E28308CBCB1EF97A4A978993 /* Pods_StoryboardContacts_StoryboardContactsUITests.framework */,
				81F3132E2B3614C98594A07C /* Pods_StoryboardContactsTests.framework */,
			);
			name = Frameworks;
			sourceTree = "<group>";
		};
/* End PBXGroup section */

/* Begin PBXNativeTarget section */
		113C8B5727BCC92B00E94CD1 /* StoryboardContacts */ = {
			isa = PBXNativeTarget;
			buildConfigurationList = 113C8B8227BCC92C00E94CD1 /* Build configuration list for PBXNativeTarget "StoryboardContacts" */;
			buildPhases = (
				F9C7E20EDD321C5412363D73 /* [CP] Check Pods Manifest.lock */,
				113C8B5427BCC92B00E94CD1 /* Sources */,
				113C8B5527BCC92B00E94CD1 /* Frameworks */,
				113C8B5627BCC92B00E94CD1 /* Resources */,
				3FF8B7E4738C82F2634CAC93 /* [CP] Embed Pods Frameworks */,
			);
			buildRules = (
			);
			dependencies = (
			);
			name = StoryboardContacts;
			productName = StoryboardContacts;
			productReference = 113C8B5827BCC92B00E94CD1 /* StoryboardContacts.app */;
			productType = "com.apple.product-type.application";
		};
		113C8B6D27BCC92C00E94CD1 /* StoryboardContactsTests */ = {
			isa = PBXNativeTarget;
			buildConfigurationList = 113C8B8527BCC92C00E94CD1 /* Build configuration list for PBXNativeTarget "StoryboardContactsTests" */;
			buildPhases = (
				5631830F4A6E80885137663E /* [CP] Check Pods Manifest.lock */,
				113C8B6A27BCC92C00E94CD1 /* Sources */,
				113C8B6B27BCC92C00E94CD1 /* Frameworks */,
				113C8B6C27BCC92C00E94CD1 /* Resources */,
			);
			buildRules = (
			);
			dependencies = (
				113C8B7027BCC92C00E94CD1 /* PBXTargetDependency */,
			);
			name = StoryboardContactsTests;
			productName = StoryboardContactsTests;
			productReference = 113C8B6E27BCC92C00E94CD1 /* StoryboardContactsTests.xctest */;
			productType = "com.apple.product-type.bundle.unit-test";
		};
		113C8B7727BCC92C00E94CD1 /* StoryboardContactsUITests */ = {
			isa = PBXNativeTarget;
			buildConfigurationList = 113C8B8827BCC92C00E94CD1 /* Build configuration list for PBXNativeTarget "StoryboardContactsUITests" */;
			buildPhases = (
				B1BF1FA5725DCBB33E22A99D /* [CP] Check Pods Manifest.lock */,
				113C8B7427BCC92C00E94CD1 /* Sources */,
				113C8B7527BCC92C00E94CD1 /* Frameworks */,
				113C8B7627BCC92C00E94CD1 /* Resources */,
				D31706B2063BEECA4B0E1729 /* [CP] Embed Pods Frameworks */,
			);
			buildRules = (
			);
			dependencies = (
				113C8B7A27BCC92C00E94CD1 /* PBXTargetDependency */,
			);
			name = StoryboardContactsUITests;
			productName = StoryboardContactsUITests;
			productReference = 113C8B7827BCC92C00E94CD1 /* StoryboardContactsUITests.xctest */;
			productType = "com.apple.product-type.bundle.ui-testing";
		};
/* End PBXNativeTarget section */

/* Begin PBXProject section */
		113C8B5027BCC92B00E94CD1 /* Project object */ = {
			isa = PBXProject;
			attributes = {
				BuildIndependentTargetsInParallel = 1;
				LastSwiftUpdateCheck = 1320;
				LastUpgradeCheck = 1320;
				TargetAttributes = {
					113C8B5727BCC92B00E94CD1 = {
						CreatedOnToolsVersion = 13.2.1;
					};
					113C8B6D27BCC92C00E94CD1 = {
						CreatedOnToolsVersion = 13.2.1;
						TestTargetID = 113C8B5727BCC92B00E94CD1;
					};
					113C8B7727BCC92C00E94CD1 = {
						CreatedOnToolsVersion = 13.2.1;
						TestTargetID = 113C8B5727BCC92B00E94CD1;
					};
				};
			};
			buildConfigurationList = 113C8B5327BCC92B00E94CD1 /* Build configuration list for PBXProject "StoryboardContacts" */;
			compatibilityVersion = "Xcode 13.0";
			developmentRegion = en;
			hasScannedForEncodings = 0;
			knownRegions = (
				en,
				Base,
			);
			mainGroup = 113C8B4F27BCC92B00E94CD1;
			productRefGroup = 113C8B5927BCC92B00E94CD1 /* Products */;
			projectDirPath = "";
			projectRoot = "";
			targets = (
				113C8B5727BCC92B00E94CD1 /* StoryboardContacts */,
				113C8B6D27BCC92C00E94CD1 /* StoryboardContactsTests */,
				113C8B7727BCC92C00E94CD1 /* StoryboardContactsUITests */,
			);
		};
/* End PBXProject section */

/* Begin PBXResourcesBuildPhase section */
		113C8B5627BCC92B00E94CD1 /* Resources */ = {
			isa = PBXResourcesBuildPhase;
			buildActionMask = 2147483647;
			files = (
				113C8B9A27BCCA0E00E94CD1 /* EditViewController.xib in Resources */,
				113C8BA827BCD40600E94CD1 /* ContactsTableViewCell.xib in Resources */,
				113C8B6827BCC92C00E94CD1 /* LaunchScreen.storyboard in Resources */,
				113C8B9627BCC9FB00E94CD1 /* CreateViewController.xib in Resources */,
				113C8B6527BCC92C00E94CD1 /* Assets.xcassets in Resources */,
				113C8B6327BCC92B00E94CD1 /* Main.storyboard in Resources */,
				113C8B9227BCC9E200E94CD1 /* HomeViewController.xib in Resources */,
			);
			runOnlyForDeploymentPostprocessing = 0;
		};
		113C8B6C27BCC92C00E94CD1 /* Resources */ = {
			isa = PBXResourcesBuildPhase;
			buildActionMask = 2147483647;
			files = (
			);
			runOnlyForDeploymentPostprocessing = 0;
		};
		113C8B7627BCC92C00E94CD1 /* Resources */ = {
			isa = PBXResourcesBuildPhase;
			buildActionMask = 2147483647;
			files = (
			);
			runOnlyForDeploymentPostprocessing = 0;
		};
/* End PBXResourcesBuildPhase section */

/* Begin PBXShellScriptBuildPhase section */
		3FF8B7E4738C82F2634CAC93 /* [CP] Embed Pods Frameworks */ = {
			isa = PBXShellScriptBuildPhase;
			buildActionMask = 2147483647;
			files = (
			);
			inputFileListPaths = (
				"${PODS_ROOT}/Target Support Files/Pods-StoryboardContacts/Pods-StoryboardContacts-frameworks-${CONFIGURATION}-input-files.xcfilelist",
			);
			name = "[CP] Embed Pods Frameworks";
			outputFileListPaths = (
				"${PODS_ROOT}/Target Support Files/Pods-StoryboardContacts/Pods-StoryboardContacts-frameworks-${CONFIGURATION}-output-files.xcfilelist",
			);
			runOnlyForDeploymentPostprocessing = 0;
			shellPath = /bin/sh;
			shellScript = "\"${PODS_ROOT}/Target Support Files/Pods-StoryboardContacts/Pods-StoryboardContacts-frameworks.sh\"\n";
			showEnvVarsInLog = 0;
		};
		5631830F4A6E80885137663E /* [CP] Check Pods Manifest.lock */ = {
			isa = PBXShellScriptBuildPhase;
			buildActionMask = 2147483647;
			files = (
			);
			inputFileListPaths = (
			);
			inputPaths = (
				"${PODS_PODFILE_DIR_PATH}/Podfile.lock",
				"${PODS_ROOT}/Manifest.lock",
			);
			name = "[CP] Check Pods Manifest.lock";
			outputFileListPaths = (
			);
			outputPaths = (
				"$(DERIVED_FILE_DIR)/Pods-StoryboardContactsTests-checkManifestLockResult.txt",
			);
			runOnlyForDeploymentPostprocessing = 0;
			shellPath = /bin/sh;
			shellScript = "diff \"${PODS_PODFILE_DIR_PATH}/Podfile.lock\" \"${PODS_ROOT}/Manifest.lock\" > /dev/null\nif [ $? != 0 ] ; then\n    # print error to STDERR\n    echo \"error: The sandbox is not in sync with the Podfile.lock. Run 'pod install' or update your CocoaPods installation.\" >&2\n    exit 1\nfi\n# This output is used by Xcode 'outputs' to avoid re-running this script phase.\necho \"SUCCESS\" > \"${SCRIPT_OUTPUT_FILE_0}\"\n";
			showEnvVarsInLog = 0;
		};
		B1BF1FA5725DCBB33E22A99D /* [CP] Check Pods Manifest.lock */ = {
			isa = PBXShellScriptBuildPhase;
			buildActionMask = 2147483647;
			files = (
			);
			inputFileListPaths = (
			);
			inputPaths = (
				"${PODS_PODFILE_DIR_PATH}/Podfile.lock",
				"${PODS_ROOT}/Manifest.lock",
			);
			name = "[CP] Check Pods Manifest.lock";
			outputFileListPaths = (
			);
			outputPaths = (
				"$(DERIVED_FILE_DIR)/Pods-StoryboardContacts-StoryboardContactsUITests-checkManifestLockResult.txt",
			);
			runOnlyForDeploymentPostprocessing = 0;
			shellPath = /bin/sh;
			shellScript = "diff \"${PODS_PODFILE_DIR_PATH}/Podfile.lock\" \"${PODS_ROOT}/Manifest.lock\" > /dev/null\nif [ $? != 0 ] ; then\n    # print error to STDERR\n    echo \"error: The sandbox is not in sync with the Podfile.lock. Run 'pod install' or update your CocoaPods installation.\" >&2\n    exit 1\nfi\n# This output is used by Xcode 'outputs' to avoid re-running this script phase.\necho \"SUCCESS\" > \"${SCRIPT_OUTPUT_FILE_0}\"\n";
			showEnvVarsInLog = 0;
		};
		D31706B2063BEECA4B0E1729 /* [CP] Embed Pods Frameworks */ = {
			isa = PBXShellScriptBuildPhase;
			buildActionMask = 2147483647;
			files = (
			);
			inputFileListPaths = (
				"${PODS_ROOT}/Target Support Files/Pods-StoryboardContacts-StoryboardContactsUITests/Pods-StoryboardContacts-StoryboardContactsUITests-frameworks-${CONFIGURATION}-input-files.xcfilelist",
			);
			name = "[CP] Embed Pods Frameworks";
			outputFileListPaths = (
				"${PODS_ROOT}/Target Support Files/Pods-StoryboardContacts-StoryboardContactsUITests/Pods-StoryboardContacts-StoryboardContactsUITests-frameworks-${CONFIGURATION}-output-files.xcfilelist",
			);
			runOnlyForDeploymentPostprocessing = 0;
			shellPath = /bin/sh;
			shellScript = "\"${PODS_ROOT}/Target Support Files/Pods-StoryboardContacts-StoryboardContactsUITests/Pods-StoryboardContacts-StoryboardContactsUITests-frameworks.sh\"\n";
			showEnvVarsInLog = 0;
		};
		F9C7E20EDD321C5412363D73 /* [CP] Check Pods Manifest.lock */ = {
			isa = PBXShellScriptBuildPhase;
			buildActionMask = 2147483647;
			files = (
			);
			inputFileListPaths = (
			);
			inputPaths = (
				"${PODS_PODFILE_DIR_PATH}/Podfile.lock",
				"${PODS_ROOT}/Manifest.lock",
			);
			name = "[CP] Check Pods Manifest.lock";
			outputFileListPaths = (
			);
			outputPaths = (
				"$(DERIVED_FILE_DIR)/Pods-StoryboardContacts-checkManifestLockResult.txt",
			);
			runOnlyForDeploymentPostprocessing = 0;
			shellPath = /bin/sh;
			shellScript = "diff \"${PODS_PODFILE_DIR_PATH}/Podfile.lock\" \"${PODS_ROOT}/Manifest.lock\" > /dev/null\nif [ $? != 0 ] ; then\n    # print error to STDERR\n    echo \"error: The sandbox is not in sync with the Podfile.lock. Run 'pod install' or update your CocoaPods installation.\" >&2\n    exit 1\nfi\n# This output is used by Xcode 'outputs' to avoid re-running this script phase.\necho \"SUCCESS\" > \"${SCRIPT_OUTPUT_FILE_0}\"\n";
			showEnvVarsInLog = 0;
		};
/* End PBXShellScriptBuildPhase section */

/* Begin PBXSourcesBuildPhase section */
		113C8B5427BCC92B00E94CD1 /* Sources */ = {
			isa = PBXSourcesBuildPhase;
			buildActionMask = 2147483647;
			files = (
				1137F534292F3F9E00E3D331 /* HttpManager.swift in Sources */,
				113C8BA727BCD40600E94CD1 /* ContactsTableViewCell.swift in Sources */,
				11AFCA3C292C98CF00EF2B04 /* HomePresenter.swift in Sources */,
				11AFCA40292C990900EF2B04 /* CreateRouting.swift in Sources */,
				11AFCA44292C992600EF2B04 /* CreateInteractor.swift in Sources */,
				113C8B9927BCCA0E00E94CD1 /* EditViewController.swift in Sources */,
				11AFCA3E292C98F200EF2B04 /* HomeInteractor.swift in Sources */,
				113C8B9527BCC9FB00E94CD1 /* CreateViewController.swift in Sources */,
				113C8B5C27BCC92B00E94CD1 /* AppDelegate.swift in Sources */,
				113C8B5E27BCC92B00E94CD1 /* SceneDelegate.swift in Sources */,
				11E73BE42922135B0019C530 /* Network.swift in Sources */,
				11AFCA46292C994200EF2B04 /* EditRouting.swift in Sources */,
				113C8B9127BCC9E200E94CD1 /* HomeViewController.swift in Sources */,
				11AFCA4A292C995D00EF2B04 /* EditIntractor.swift in Sources */,
				113C8BA227BCCB4D00E94CD1 /* BaseViewController.swift in Sources */,
				113C8BA027BCCB2D00E94CD1 /* Contacts.swift in Sources */,
				11AFCA42292C991800EF2B04 /* CreatePresenter.swift in Sources */,
				11AFCA48292C995000EF2B04 /* EditPresenter.swift in Sources */,
				11AFCA3A292C95A100EF2B04 /* HomeRouting.swift in Sources */,
			);
			runOnlyForDeploymentPostprocessing = 0;
		};
		113C8B6A27BCC92C00E94CD1 /* Sources */ = {
			isa = PBXSourcesBuildPhase;
			buildActionMask = 2147483647;
			files = (
				113C8B7327BCC92C00E94CD1 /* StoryboardContactsTests.swift in Sources */,
			);
			runOnlyForDeploymentPostprocessing = 0;
		};
		113C8B7427BCC92C00E94CD1 /* Sources */ = {
			isa = PBXSourcesBuildPhase;
			buildActionMask = 2147483647;
			files = (
				113C8B7F27BCC92C00E94CD1 /* StoryboardContactsUITestsLaunchTests.swift in Sources */,
				113C8B7D27BCC92C00E94CD1 /* StoryboardContactsUITests.swift in Sources */,
			);
			runOnlyForDeploymentPostprocessing = 0;
		};
/* End PBXSourcesBuildPhase section */

/* Begin PBXTargetDependency section */
		113C8B7027BCC92C00E94CD1 /* PBXTargetDependency */ = {
			isa = PBXTargetDependency;
			target = 113C8B5727BCC92B00E94CD1 /* StoryboardContacts */;
			targetProxy = 113C8B6F27BCC92C00E94CD1 /* PBXContainerItemProxy */;
		};
		113C8B7A27BCC92C00E94CD1 /* PBXTargetDependency */ = {
			isa = PBXTargetDependency;
			target = 113C8B5727BCC92B00E94CD1 /* StoryboardContacts */;
			targetProxy = 113C8B7927BCC92C00E94CD1 /* PBXContainerItemProxy */;
		};
/* End PBXTargetDependency section */

/* Begin PBXVariantGroup section */
		113C8B6127BCC92B00E94CD1 /* Main.storyboard */ = {
			isa = PBXVariantGroup;
			children = (
				113C8B6227BCC92B00E94CD1 /* Base */,
			);
			name = Main.storyboard;
			sourceTree = "<group>";
		};
		113C8B6627BCC92C00E94CD1 /* LaunchScreen.storyboard */ = {
			isa = PBXVariantGroup;
			children = (
				113C8B6727BCC92C00E94CD1 /* Base */,
			);
			name = LaunchScreen.storyboard;
			sourceTree = "<group>";
		};
/* End PBXVariantGroup section */

/* Begin XCBuildConfiguration section */
		113C8B8027BCC92C00E94CD1 /* Debug */ = {
			isa = XCBuildConfiguration;
			buildSettings = {
				ALWAYS_SEARCH_USER_PATHS = NO;
				CLANG_ANALYZER_NONNULL = YES;
				CLANG_ANALYZER_NUMBER_OBJECT_CONVERSION = YES_AGGRESSIVE;
				CLANG_CXX_LANGUAGE_STANDARD = "gnu++17";
				CLANG_CXX_LIBRARY = "libc++";
				CLANG_ENABLE_MODULES = YES;
				CLANG_ENABLE_OBJC_ARC = YES;
				CLANG_ENABLE_OBJC_WEAK = YES;
				CLANG_WARN_BLOCK_CAPTURE_AUTORELEASING = YES;
				CLANG_WARN_BOOL_CONVERSION = YES;
				CLANG_WARN_COMMA = YES;
				CLANG_WARN_CONSTANT_CONVERSION = YES;
				CLANG_WARN_DEPRECATED_OBJC_IMPLEMENTATIONS = YES;
				CLANG_WARN_DIRECT_OBJC_ISA_USAGE = YES_ERROR;
				CLANG_WARN_DOCUMENTATION_COMMENTS = YES;
				CLANG_WARN_EMPTY_BODY = YES;
				CLANG_WARN_ENUM_CONVERSION = YES;
				CLANG_WARN_INFINITE_RECURSION = YES;
				CLANG_WARN_INT_CONVERSION = YES;
				CLANG_WARN_NON_LITERAL_NULL_CONVERSION = YES;
				CLANG_WARN_OBJC_IMPLICIT_RETAIN_SELF = YES;
				CLANG_WARN_OBJC_LITERAL_CONVERSION = YES;
				CLANG_WARN_OBJC_ROOT_CLASS = YES_ERROR;
				CLANG_WARN_QUOTED_INCLUDE_IN_FRAMEWORK_HEADER = YES;
				CLANG_WARN_RANGE_LOOP_ANALYSIS = YES;
				CLANG_WARN_STRICT_PROTOTYPES = YES;
				CLANG_WARN_SUSPICIOUS_MOVE = YES;
				CLANG_WARN_UNGUARDED_AVAILABILITY = YES_AGGRESSIVE;
				CLANG_WARN_UNREACHABLE_CODE = YES;
				CLANG_WARN__DUPLICATE_METHOD_MATCH = YES;
				COPY_PHASE_STRIP = NO;
				DEBUG_INFORMATION_FORMAT = dwarf;
				ENABLE_STRICT_OBJC_MSGSEND = YES;
				ENABLE_TESTABILITY = YES;
				GCC_C_LANGUAGE_STANDARD = gnu11;
				GCC_DYNAMIC_NO_PIC = NO;
				GCC_NO_COMMON_BLOCKS = YES;
				GCC_OPTIMIZATION_LEVEL = 0;
				GCC_PREPROCESSOR_DEFINITIONS = (
					"DEBUG=1",
					"$(inherited)",
				);
				GCC_WARN_64_TO_32_BIT_CONVERSION = YES;
				GCC_WARN_ABOUT_RETURN_TYPE = YES_ERROR;
				GCC_WARN_UNDECLARED_SELECTOR = YES;
				GCC_WARN_UNINITIALIZED_AUTOS = YES_AGGRESSIVE;
				GCC_WARN_UNUSED_FUNCTION = YES;
				GCC_WARN_UNUSED_VARIABLE = YES;
				IPHONEOS_DEPLOYMENT_TARGET = 15.2;
				MTL_ENABLE_DEBUG_INFO = INCLUDE_SOURCE;
				MTL_FAST_MATH = YES;
				ONLY_ACTIVE_ARCH = YES;
				SDKROOT = iphoneos;
				SWIFT_ACTIVE_COMPILATION_CONDITIONS = DEBUG;
				SWIFT_OPTIMIZATION_LEVEL = "-Onone";
			};
			name = Debug;
		};
		113C8B8127BCC92C00E94CD1 /* Release */ = {
			isa = XCBuildConfiguration;
			buildSettings = {
				ALWAYS_SEARCH_USER_PATHS = NO;
				CLANG_ANALYZER_NONNULL = YES;
				CLANG_ANALYZER_NUMBER_OBJECT_CONVERSION = YES_AGGRESSIVE;
				CLANG_CXX_LANGUAGE_STANDARD = "gnu++17";
				CLANG_CXX_LIBRARY = "libc++";
				CLANG_ENABLE_MODULES = YES;
				CLANG_ENABLE_OBJC_ARC = YES;
				CLANG_ENABLE_OBJC_WEAK = YES;
				CLANG_WARN_BLOCK_CAPTURE_AUTORELEASING = YES;
				CLANG_WARN_BOOL_CONVERSION = YES;
				CLANG_WARN_COMMA = YES;
				CLANG_WARN_CONSTANT_CONVERSION = YES;
				CLANG_WARN_DEPRECATED_OBJC_IMPLEMENTATIONS = YES;
				CLANG_WARN_DIRECT_OBJC_ISA_USAGE = YES_ERROR;
				CLANG_WARN_DOCUMENTATION_COMMENTS = YES;
				CLANG_WARN_EMPTY_BODY = YES;
				CLANG_WARN_ENUM_CONVERSION = YES;
				CLANG_WARN_INFINITE_RECURSION = YES;
				CLANG_WARN_INT_CONVERSION = YES;
				CLANG_WARN_NON_LITERAL_NULL_CONVERSION = YES;
				CLANG_WARN_OBJC_IMPLICIT_RETAIN_SELF = YES;
				CLANG_WARN_OBJC_LITERAL_CONVERSION = YES;
				CLANG_WARN_OBJC_ROOT_CLASS = YES_ERROR;
				CLANG_WARN_QUOTED_INCLUDE_IN_FRAMEWORK_HEADER = YES;
				CLANG_WARN_RANGE_LOOP_ANALYSIS = YES;
				CLANG_WARN_STRICT_PROTOTYPES = YES;
				CLANG_WARN_SUSPICIOUS_MOVE = YES;
				CLANG_WARN_UNGUARDED_AVAILABILITY = YES_AGGRESSIVE;
				CLANG_WARN_UNREACHABLE_CODE = YES;
				CLANG_WARN__DUPLICATE_METHOD_MATCH = YES;
				COPY_PHASE_STRIP = NO;
				DEBUG_INFORMATION_FORMAT = "dwarf-with-dsym";
				ENABLE_NS_ASSERTIONS = NO;
				ENABLE_STRICT_OBJC_MSGSEND = YES;
				GCC_C_LANGUAGE_STANDARD = gnu11;
				GCC_NO_COMMON_BLOCKS = YES;
				GCC_WARN_64_TO_32_BIT_CONVERSION = YES;
				GCC_WARN_ABOUT_RETURN_TYPE = YES_ERROR;
				GCC_WARN_UNDECLARED_SELECTOR = YES;
				GCC_WARN_UNINITIALIZED_AUTOS = YES_AGGRESSIVE;
				GCC_WARN_UNUSED_FUNCTION = YES;
				GCC_WARN_UNUSED_VARIABLE = YES;
				IPHONEOS_DEPLOYMENT_TARGET = 15.2;
				MTL_ENABLE_DEBUG_INFO = NO;
				MTL_FAST_MATH = YES;
				SDKROOT = iphoneos;
				SWIFT_COMPILATION_MODE = wholemodule;
				SWIFT_OPTIMIZATION_LEVEL = "-O";
				VALIDATE_PRODUCT = YES;
			};
			name = Release;
		};
		113C8B8327BCC92C00E94CD1 /* Debug */ = {
			isa = XCBuildConfiguration;
			baseConfigurationReference = 88B3FE2E110B6E73AFB711C1 /* Pods-StoryboardContacts.debug.xcconfig */;
			buildSettings = {
				ASSETCATALOG_COMPILER_APPICON_NAME = AppIcon;
				ASSETCATALOG_COMPILER_GLOBAL_ACCENT_COLOR_NAME = AccentColor;
				CODE_SIGN_STYLE = Automatic;
				CURRENT_PROJECT_VERSION = 1;
				GENERATE_INFOPLIST_FILE = YES;
				INFOPLIST_FILE = StoryboardContacts/Info.plist;
				INFOPLIST_KEY_UIApplicationSupportsIndirectInputEvents = YES;
				INFOPLIST_KEY_UILaunchStoryboardName = LaunchScreen;
				INFOPLIST_KEY_UIMainStoryboardFile = Main;
				INFOPLIST_KEY_UISupportedInterfaceOrientations_iPad = "UIInterfaceOrientationPortrait UIInterfaceOrientationPortraitUpsideDown UIInterfaceOrientationLandscapeLeft UIInterfaceOrientationLandscapeRight";
				INFOPLIST_KEY_UISupportedInterfaceOrientations_iPhone = "UIInterfaceOrientationPortrait UIInterfaceOrientationLandscapeLeft UIInterfaceOrientationLandscapeRight";
				LD_RUNPATH_SEARCH_PATHS = (
					"$(inherited)",
					"@executable_path/Frameworks",
				);
				MARKETING_VERSION = 1.0;
				PRODUCT_BUNDLE_IDENTIFIER = "com.Think-Differently.StoryboardContacts";
				PRODUCT_NAME = "$(TARGET_NAME)";
				SWIFT_EMIT_LOC_STRINGS = YES;
				SWIFT_VERSION = 5.0;
				TARGETED_DEVICE_FAMILY = "1,2";
			};
			name = Debug;
		};
		113C8B8427BCC92C00E94CD1 /* Release */ = {
			isa = XCBuildConfiguration;
			baseConfigurationReference = 12028E1228FD2CACCE396DE2 /* Pods-StoryboardContacts.release.xcconfig */;
			buildSettings = {
				ASSETCATALOG_COMPILER_APPICON_NAME = AppIcon;
				ASSETCATALOG_COMPILER_GLOBAL_ACCENT_COLOR_NAME = AccentColor;
				CODE_SIGN_STYLE = Automatic;
				CURRENT_PROJECT_VERSION = 1;
				GENERATE_INFOPLIST_FILE = YES;
				INFOPLIST_FILE = StoryboardContacts/Info.plist;
				INFOPLIST_KEY_UIApplicationSupportsIndirectInputEvents = YES;
				INFOPLIST_KEY_UILaunchStoryboardName = LaunchScreen;
				INFOPLIST_KEY_UIMainStoryboardFile = Main;
				INFOPLIST_KEY_UISupportedInterfaceOrientations_iPad = "UIInterfaceOrientationPortrait UIInterfaceOrientationPortraitUpsideDown UIInterfaceOrientationLandscapeLeft UIInterfaceOrientationLandscapeRight";
				INFOPLIST_KEY_UISupportedInterfaceOrientations_iPhone = "UIInterfaceOrientationPortrait UIInterfaceOrientationLandscapeLeft UIInterfaceOrientationLandscapeRight";
				LD_RUNPATH_SEARCH_PATHS = (
					"$(inherited)",
					"@executable_path/Frameworks",
				);
				MARKETING_VERSION = 1.0;
				PRODUCT_BUNDLE_IDENTIFIER = "com.Think-Differently.StoryboardContacts";
				PRODUCT_NAME = "$(TARGET_NAME)";
				SWIFT_EMIT_LOC_STRINGS = YES;
				SWIFT_VERSION = 5.0;
				TARGETED_DEVICE_FAMILY = "1,2";
			};
			name = Release;
		};
		113C8B8627BCC92C00E94CD1 /* Debug */ = {
			isa = XCBuildConfiguration;
			baseConfigurationReference = 2DD23AD6B0C2174B1BEA3C0A /* Pods-StoryboardContactsTests.debug.xcconfig */;
			buildSettings = {
				ALWAYS_EMBED_SWIFT_STANDARD_LIBRARIES = YES;
				BUNDLE_LOADER = "$(TEST_HOST)";
				CODE_SIGN_STYLE = Automatic;
				CURRENT_PROJECT_VERSION = 1;
				GENERATE_INFOPLIST_FILE = YES;
				IPHONEOS_DEPLOYMENT_TARGET = 15.2;
				MARKETING_VERSION = 1.0;
				PRODUCT_BUNDLE_IDENTIFIER = "com.Think-Differently.StoryboardContactsTests";
				PRODUCT_NAME = "$(TARGET_NAME)";
				SWIFT_EMIT_LOC_STRINGS = NO;
				SWIFT_VERSION = 5.0;
				TARGETED_DEVICE_FAMILY = "1,2";
				TEST_HOST = "$(BUILT_PRODUCTS_DIR)/StoryboardContacts.app/StoryboardContacts";
			};
			name = Debug;
		};
		113C8B8727BCC92C00E94CD1 /* Release */ = {
			isa = XCBuildConfiguration;
			baseConfigurationReference = 31F6691DD56F622373F798FA /* Pods-StoryboardContactsTests.release.xcconfig */;
			buildSettings = {
				ALWAYS_EMBED_SWIFT_STANDARD_LIBRARIES = YES;
				BUNDLE_LOADER = "$(TEST_HOST)";
				CODE_SIGN_STYLE = Automatic;
				CURRENT_PROJECT_VERSION = 1;
				GENERATE_INFOPLIST_FILE = YES;
				IPHONEOS_DEPLOYMENT_TARGET = 15.2;
				MARKETING_VERSION = 1.0;
				PRODUCT_BUNDLE_IDENTIFIER = "com.Think-Differently.StoryboardContactsTests";
				PRODUCT_NAME = "$(TARGET_NAME)";
				SWIFT_EMIT_LOC_STRINGS = NO;
				SWIFT_VERSION = 5.0;
				TARGETED_DEVICE_FAMILY = "1,2";
				TEST_HOST = "$(BUILT_PRODUCTS_DIR)/StoryboardContacts.app/StoryboardContacts";
			};
			name = Release;
		};
		113C8B8927BCC92C00E94CD1 /* Debug */ = {
			isa = XCBuildConfiguration;
			baseConfigurationReference = EB6DB9E7E18B81743AD69943 /* Pods-StoryboardContacts-StoryboardContactsUITests.debug.xcconfig */;
			buildSettings = {
				ALWAYS_EMBED_SWIFT_STANDARD_LIBRARIES = YES;
				CODE_SIGN_STYLE = Automatic;
				CURRENT_PROJECT_VERSION = 1;
				GENERATE_INFOPLIST_FILE = YES;
				MARKETING_VERSION = 1.0;
				PRODUCT_BUNDLE_IDENTIFIER = "com.Think-Differently.StoryboardContactsUITests";
				PRODUCT_NAME = "$(TARGET_NAME)";
				SWIFT_EMIT_LOC_STRINGS = NO;
				SWIFT_VERSION = 5.0;
				TARGETED_DEVICE_FAMILY = "1,2";
				TEST_TARGET_NAME = StoryboardContacts;
			};
			name = Debug;
		};
		113C8B8A27BCC92C00E94CD1 /* Release */ = {
			isa = XCBuildConfiguration;
			baseConfigurationReference = 03A858CC9BF83BC986D268DA /* Pods-StoryboardContacts-StoryboardContactsUITests.release.xcconfig */;
			buildSettings = {
				ALWAYS_EMBED_SWIFT_STANDARD_LIBRARIES = YES;
				CODE_SIGN_STYLE = Automatic;
				CURRENT_PROJECT_VERSION = 1;
				GENERATE_INFOPLIST_FILE = YES;
				MARKETING_VERSION = 1.0;
				PRODUCT_BUNDLE_IDENTIFIER = "com.Think-Differently.StoryboardContactsUITests";
				PRODUCT_NAME = "$(TARGET_NAME)";
				SWIFT_EMIT_LOC_STRINGS = NO;
				SWIFT_VERSION = 5.0;
				TARGETED_DEVICE_FAMILY = "1,2";
				TEST_TARGET_NAME = StoryboardContacts;
			};
			name = Release;
		};
/* End XCBuildConfiguration section */

/* Begin XCConfigurationList section */
		113C8B5327BCC92B00E94CD1 /* Build configuration list for PBXProject "StoryboardContacts" */ = {
			isa = XCConfigurationList;
			buildConfigurations = (
				113C8B8027BCC92C00E94CD1 /* Debug */,
				113C8B8127BCC92C00E94CD1 /* Release */,
			);
			defaultConfigurationIsVisible = 0;
			defaultConfigurationName = Release;
		};
		113C8B8227BCC92C00E94CD1 /* Build configuration list for PBXNativeTarget "StoryboardContacts" */ = {
			isa = XCConfigurationList;
			buildConfigurations = (
				113C8B8327BCC92C00E94CD1 /* Debug */,
				113C8B8427BCC92C00E94CD1 /* Release */,
			);
			defaultConfigurationIsVisible = 0;
			defaultConfigurationName = Release;
		};
		113C8B8527BCC92C00E94CD1 /* Build configuration list for PBXNativeTarget "StoryboardContactsTests" */ = {
			isa = XCConfigurationList;
			buildConfigurations = (
				113C8B8627BCC92C00E94CD1 /* Debug */,
				113C8B8727BCC92C00E94CD1 /* Release */,
			);
			defaultConfigurationIsVisible = 0;
			defaultConfigurationName = Release;
		};
		113C8B8827BCC92C00E94CD1 /* Build configuration list for PBXNativeTarget "StoryboardContactsUITests" */ = {
			isa = XCConfigurationList;
			buildConfigurations = (
				113C8B8927BCC92C00E94CD1 /* Debug */,
				113C8B8A27BCC92C00E94CD1 /* Release */,
			);
			defaultConfigurationIsVisible = 0;
			defaultConfigurationName = Release;
		};
/* End XCConfigurationList section */
	};
	rootObject = 113C8B5027BCC92B00E94CD1 /* Project object */;
}
